// !$*UTF8*$!
{
	archiveVersion = 1;
	classes = {
	};
	objectVersion = 46;
	objects = {

/* Begin PBXBuildFile section */
		07D290081B6586A700E4BB22 /* Slot.swift in Sources */ = {isa = PBXBuildFile; fileRef = 07D290071B6586A700E4BB22 /* Slot.swift */; };
		07D2900A1B6D9B1500E4BB22 /* Factory.swift in Sources */ = {isa = PBXBuildFile; fileRef = 07D290091B6D9B1500E4BB22 /* Factory.swift */; };
		07DA33E21B7835A70020E492 /* SlotBrain.swift in Sources */ = {isa = PBXBuildFile; fileRef = 07DA33E11B7835A70020E492 /* SlotBrain.swift */; };
		839135511B3E442400D3F610 /* AppDelegate.swift in Sources */ = {isa = PBXBuildFile; fileRef = 839135501B3E442400D3F610 /* AppDelegate.swift */; };
		839135531B3E442400D3F610 /* ViewController.swift in Sources */ = {isa = PBXBuildFile; fileRef = 839135521B3E442400D3F610 /* ViewController.swift */; };
		839135561B3E442400D3F610 /* Main.storyboard in Resources */ = {isa = PBXBuildFile; fileRef = 839135541B3E442400D3F610 /* Main.storyboard */; };
		839135581B3E442400D3F610 /* Images.xcassets in Resources */ = {isa = PBXBuildFile; fileRef = 839135571B3E442400D3F610 /* Images.xcassets */; };
		8391355B1B3E442400D3F610 /* LaunchScreen.xib in Resources */ = {isa = PBXBuildFile; fileRef = 839135591B3E442400D3F610 /* LaunchScreen.xib */; };
		839135671B3E442400D3F610 /* SlotMachineTests.swift in Sources */ = {isa = PBXBuildFile; fileRef = 839135661B3E442400D3F610 /* SlotMachineTests.swift */; };
/* End PBXBuildFile section */

/* Begin PBXContainerItemProxy section */
		839135611B3E442400D3F610 /* PBXContainerItemProxy */ = {
			isa = PBXContainerItemProxy;
			containerPortal = 839135431B3E442300D3F610 /* Project object */;
			proxyType = 1;
			remoteGlobalIDString = 8391354A1B3E442300D3F610;
			remoteInfo = SlotMachine;
		};
/* End PBXContainerItemProxy section */

/* Begin PBXFileReference section */
		07D290071B6586A700E4BB22 /* Slot.swift */ = {isa = PBXFileReference; fileEncoding = 4; lastKnownFileType = sourcecode.swift; path = Slot.swift; sourceTree = "<group>"; };
		07D290091B6D9B1500E4BB22 /* Factory.swift */ = {isa = PBXFileReference; fileEncoding = 4; lastKnownFileType = sourcecode.swift; path = Factory.swift; sourceTree = "<group>"; };
		07DA33E11B7835A70020E492 /* SlotBrain.swift */ = {isa = PBXFileReference; fileEncoding = 4; lastKnownFileType = sourcecode.swift; path = SlotBrain.swift; sourceTree = "<group>"; };
		8391354B1B3E442300D3F610 /* SlotMachine.app */ = {isa = PBXFileReference; explicitFileType = wrapper.application; includeInIndex = 0; path = SlotMachine.app; sourceTree = BUILT_PRODUCTS_DIR; };
		8391354F1B3E442400D3F610 /* Info.plist */ = {isa = PBXFileReference; lastKnownFileType = text.plist.xml; path = Info.plist; sourceTree = "<group>"; };
		839135501B3E442400D3F610 /* AppDelegate.swift */ = {isa = PBXFileReference; lastKnownFileType = sourcecode.swift; path = AppDelegate.swift; sourceTree = "<group>"; };
		839135521B3E442400D3F610 /* ViewController.swift */ = {isa = PBXFileReference; lastKnownFileType = sourcecode.swift; path = ViewController.swift; sourceTree = "<group>"; };
		839135551B3E442400D3F610 /* Base */ = {isa = PBXFileReference; lastKnownFileType = file.storyboard; name = Base; path = Base.lproj/Main.storyboard; sourceTree = "<group>"; };
		839135571B3E442400D3F610 /* Images.xcassets */ = {isa = PBXFileReference; lastKnownFileType = folder.assetcatalog; path = Images.xcassets; sourceTree = "<group>"; };
		8391355A1B3E442400D3F610 /* Base */ = {isa = PBXFileReference; lastKnownFileType = file.xib; name = Base; path = Base.lproj/LaunchScreen.xib; sourceTree = "<group>"; };
		839135601B3E442400D3F610 /* SlotMachineTests.xctest */ = {isa = PBXFileReference; explicitFileType = wrapper.cfbundle; includeInIndex = 0; path = SlotMachineTests.xctest; sourceTree = BUILT_PRODUCTS_DIR; };
		839135651B3E442400D3F610 /* Info.plist */ = {isa = PBXFileReference; lastKnownFileType = text.plist.xml; path = Info.plist; sourceTree = "<group>"; };
		839135661B3E442400D3F610 /* SlotMachineTests.swift */ = {isa = PBXFileReference; lastKnownFileType = sourcecode.swift; path = SlotMachineTests.swift; sourceTree = "<group>"; };
/* End PBXFileReference section */

/* Begin PBXFrameworksBuildPhase section */
		839135481B3E442300D3F610 /* Frameworks */ = {
			isa = PBXFrameworksBuildPhase;
			buildActionMask = 2147483647;
			files = (
			);
			runOnlyForDeploymentPostprocessing = 0;
		};
		8391355D1B3E442400D3F610 /* Frameworks */ = {
			isa = PBXFrameworksBuildPhase;
			buildActionMask = 2147483647;
			files = (
			);
			runOnlyForDeploymentPostprocessing = 0;
		};
/* End PBXFrameworksBuildPhase section */

/* Begin PBXGroup section */
		839135421B3E442300D3F610 = {
			isa = PBXGroup;
			children = (
				8391354D1B3E442300D3F610 /* SlotMachine */,
				839135631B3E442400D3F610 /* SlotMachineTests */,
				8391354C1B3E442300D3F610 /* Products */,
			);
			sourceTree = "<group>";
		};
		8391354C1B3E442300D3F610 /* Products */ = {
			isa = PBXGroup;
			children = (
				8391354B1B3E442300D3F610 /* SlotMachine.app */,
				839135601B3E442400D3F610 /* SlotMachineTests.xctest */,
			);
			name = Products;
			sourceTree = "<group>";
		};
		8391354D1B3E442300D3F610 /* SlotMachine */ = {
			isa = PBXGroup;
			children = (
				839135501B3E442400D3F610 /* AppDelegate.swift */,
				839135521B3E442400D3F610 /* ViewController.swift */,
				07D290071B6586A700E4BB22 /* Slot.swift */,
				839135541B3E442400D3F610 /* Main.storyboard */,
				839135571B3E442400D3F610 /* Images.xcassets */,
				07D290091B6D9B1500E4BB22 /* Factory.swift */,
				07DA33E11B7835A70020E492 /* SlotBrain.swift */,
				839135591B3E442400D3F610 /* LaunchScreen.xib */,
				8391354E1B3E442400D3F610 /* Supporting Files */,
			);
			path = SlotMachine;
			sourceTree = "<group>";
		};
		8391354E1B3E442400D3F610 /* Supporting Files */ = {
			isa = PBXGroup;
			children = (
				8391354F1B3E442400D3F610 /* Info.plist */,
			);
			name = "Supporting Files";
			sourceTree = "<group>";
		};
		839135631B3E442400D3F610 /* SlotMachineTests */ = {
			isa = PBXGroup;
			children = (
				839135661B3E442400D3F610 /* SlotMachineTests.swift */,
				839135641B3E442400D3F610 /* Supporting Files */,
			);
			path = SlotMachineTests;
			sourceTree = "<group>";
		};
		839135641B3E442400D3F610 /* Supporting Files */ = {
			isa = PBXGroup;
			children = (
				839135651B3E442400D3F610 /* Info.plist */,
			);
			name = "Supporting Files";
			sourceTree = "<group>";
		};
/* End PBXGroup section */

/* Begin PBXNativeTarget section */
		8391354A1B3E442300D3F610 /* SlotMachine */ = {
			isa = PBXNativeTarget;
			buildConfigurationList = 8391356A1B3E442400D3F610 /* Build configuration list for PBXNativeTarget "SlotMachine" */;
			buildPhases = (
				839135471B3E442300D3F610 /* Sources */,
				839135481B3E442300D3F610 /* Frameworks */,
				839135491B3E442300D3F610 /* Resources */,
			);
			buildRules = (
			);
			dependencies = (
			);
			name = SlotMachine;
			productName = SlotMachine;
			productReference = 8391354B1B3E442300D3F610 /* SlotMachine.app */;
			productType = "com.apple.product-type.application";
		};
		8391355F1B3E442400D3F610 /* SlotMachineTests */ = {
			isa = PBXNativeTarget;
			buildConfigurationList = 8391356D1B3E442400D3F610 /* Build configuration list for PBXNativeTarget "SlotMachineTests" */;
			buildPhases = (
				8391355C1B3E442400D3F610 /* Sources */,
				8391355D1B3E442400D3F610 /* Frameworks */,
				8391355E1B3E442400D3F610 /* Resources */,
			);
			buildRules = (
			);
			dependencies = (
				839135621B3E442400D3F610 /* PBXTargetDependency */,
			);
			name = SlotMachineTests;
			productName = SlotMachineTests;
			productReference = 839135601B3E442400D3F610 /* SlotMachineTests.xctest */;
			productType = "com.apple.product-type.bundle.unit-test";
		};
/* End PBXNativeTarget section */

/* Begin PBXProject section */
		839135431B3E442300D3F610 /* Project object */ = {
			isa = PBXProject;
			attributes = {
				LastUpgradeCheck = 0620;
				ORGANIZATIONNAME = jonyen;
				TargetAttributes = {
					8391354A1B3E442300D3F610 = {
						CreatedOnToolsVersion = 6.2;
					};
					8391355F1B3E442400D3F610 = {
						CreatedOnToolsVersion = 6.2;
						TestTargetID = 8391354A1B3E442300D3F610;
					};
				};
			};
			buildConfigurationList = 839135461B3E442300D3F610 /* Build configuration list for PBXProject "SlotMachine" */;
			compatibilityVersion = "Xcode 3.2";
			developmentRegion = English;
			hasScannedForEncodings = 0;
			knownRegions = (
				en,
				Base,
			);
			mainGroup = 839135421B3E442300D3F610;
			productRefGroup = 8391354C1B3E442300D3F610 /* Products */;
			projectDirPath = "";
			projectRoot = "";
			targets = (
				8391354A1B3E442300D3F610 /* SlotMachine */,
				8391355F1B3E442400D3F610 /* SlotMachineTests */,
			);
		};
/* End PBXProject section */

/* Begin PBXResourcesBuildPhase section */
		839135491B3E442300D3F610 /* Resources */ = {
			isa = PBXResourcesBuildPhase;
			buildActionMask = 2147483647;
			files = (
				839135561B3E442400D3F610 /* Main.storyboard in Resources */,
				8391355B1B3E442400D3F610 /* LaunchScreen.xib in Resources */,
				839135581B3E442400D3F610 /* Images.xcassets in Resources */,
			);
			runOnlyForDeploymentPostprocessing = 0;
		};
		8391355E1B3E442400D3F610 /* Resources */ = {
			isa = PBXResourcesBuildPhase;
			buildActionMask = 2147483647;
			files = (
			);
			runOnlyForDeploymentPostprocessing = 0;
		};
/* End PBXResourcesBuildPhase section */

/* Begin PBXSourcesBuildPhase section */
		839135471B3E442300D3F610 /* Sources */ = {
			isa = PBXSourcesBuildPhase;
			buildActionMask = 2147483647;
			files = (
				07D2900A1B6D9B1500E4BB22 /* Factory.swift in Sources */,
				839135531B3E442400D3F610 /* ViewController.swift in Sources */,
				07D290081B6586A700E4BB22 /* Slot.swift in Sources */,
				839135511B3E442400D3F610 /* AppDelegate.swift in Sources */,
				07DA33E21B7835A70020E492 /* SlotBrain.swift in Sources */,
			);
			runOnlyForDeploymentPostprocessing = 0;
		};
		8391355C1B3E442400D3F610 /* Sources */ = {
			isa = PBXSourcesBuildPhase;
			buildActionMask = 2147483647;
			files = (
				839135671B3E442400D3F610 /* SlotMachineTests.swift in Sources */,
			);
			runOnlyForDeploymentPostprocessing = 0;
		};
/* End PBXSourcesBuildPhase section */

/* Begin PBXTargetDependency section */
		839135621B3E442400D3F610 /* PBXTargetDependency */ = {
			isa = PBXTargetDependency;
			target = 8391354A1B3E442300D3F610 /* SlotMachine */;
			targetProxy = 839135611B3E442400D3F610 /* PBXContainerItemProxy */;
		};
/* End PBXTargetDependency section */

/* Begin PBXVariantGroup section */
		839135541B3E442400D3F610 /* Main.storyboard */ = {
			isa = PBXVariantGroup;
			children = (
				839135551B3E442400D3F610 /* Base */,
			);
			name = Main.storyboard;
			sourceTree = "<group>";
		};
		839135591B3E442400D3F610 /* LaunchScreen.xib */ = {
			isa = PBXVariantGroup;
			children = (
				8391355A1B3E442400D3F610 /* Base */,
			);
			name = LaunchScreen.xib;
			sourceTree = "<group>";
		};
/* End PBXVariantGroup section */

/* Begin XCBuildConfiguration section */
		839135681B3E442400D3F610 /* Debug */ = {
			isa = XCBuildConfiguration;
			buildSettings = {
				ALWAYS_SEARCH_USER_PATHS = NO;
				CLANG_CXX_LANGUAGE_STANDARD = "gnu++0x";
				CLANG_CXX_LIBRARY = "libc++";
				CLANG_ENABLE_MODULES = YES;
				CLANG_ENABLE_OBJC_ARC = YES;
				CLANG_WARN_BOOL_CONVERSION = YES;
				CLANG_WARN_CONSTANT_CONVERSION = YES;
				CLANG_WARN_DIRECT_OBJC_ISA_USAGE = YES_ERROR;
				CLANG_WARN_EMPTY_BODY = YES;
				CLANG_WARN_ENUM_CONVERSION = YES;
				CLANG_WARN_INT_CONVERSION = YES;
				CLANG_WARN_OBJC_ROOT_CLASS = YES_ERROR;
				CLANG_WARN_UNREACHABLE_CODE = YES;
				CLANG_WARN__DUPLICATE_METHOD_MATCH = YES;
				"CODE_SIGN_IDENTITY[sdk=iphoneos*]" = "iPhone Developer";
				COPY_PHASE_STRIP = NO;
				ENABLE_STRICT_OBJC_MSGSEND = YES;
				GCC_C_LANGUAGE_STANDARD = gnu99;
				GCC_DYNAMIC_NO_PIC = NO;
				GCC_OPTIMIZATION_LEVEL = 0;
				GCC_PREPROCESSOR_DEFINITIONS = (
					"DEBUG=1",
					"$(inherited)",
				);
				GCC_SYMBOLS_PRIVATE_EXTERN = NO;
				GCC_WARN_64_TO_32_BIT_CONVERSION = YES;
				GCC_WARN_ABOUT_RETURN_TYPE = YES_ERROR;
				GCC_WARN_UNDECLARED_SELECTOR = YES;
				GCC_WARN_UNINITIALIZED_AUTOS = YES_AGGRESSIVE;
				GCC_WARN_UNUSED_FUNCTION = YES;
				GCC_WARN_UNUSED_VARIABLE = YES;
				IPHONEOS_DEPLOYMENT_TARGET = 8.2;
				MTL_ENABLE_DEBUG_INFO = YES;
				ONLY_ACTIVE_ARCH = YES;
				SDKROOT = iphoneos;
				SWIFT_OPTIMIZATION_LEVEL = "-Onone";
				TARGETED_DEVICE_FAMILY = "1,2";
			};
			name = Debug;
		};
		839135691B3E442400D3F610 /* Release */ = {
			isa = XCBuildConfiguration;
			buildSettings = {
				ALWAYS_SEARCH_USER_PATHS = NO;
				CLANG_CXX_LANGUAGE_STANDARD = "gnu++0x";
				CLANG_CXX_LIBRARY = "libc++";
				CLANG_ENABLE_MODULES = YES;
				CLANG_ENABLE_OBJC_ARC = YES;
				CLANG_WARN_BOOL_CONVERSION = YES;
				CLANG_WARN_CONSTANT_CONVERSION = YES;
				CLANG_WARN_DIRECT_OBJC_ISA_USAGE = YES_ERROR;
				CLANG_WARN_EMPTY_BODY = YES;
				CLANG_WARN_ENUM_CONVERSION = YES;
				CLANG_WARN_INT_CONVERSION = YES;
				CLANG_WARN_OBJC_ROOT_CLASS = YES_ERROR;
				CLANG_WARN_UNREACHABLE_CODE = YES;
				CLANG_WARN__DUPLICATE_METHOD_MATCH = YES;
				"CODE_SIGN_IDENTITY[sdk=iphoneos*]" = "iPhone Developer";
				COPY_PHASE_STRIP = NO;
				ENABLE_NS_ASSERTIONS = NO;
				ENABLE_STRICT_OBJC_MSGSEND = YES;
				GCC_C_LANGUAGE_STANDARD = gnu99;
				GCC_WARN_64_TO_32_BIT_CONVERSION = YES;
				GCC_WARN_ABOUT_RETURN_TYPE = YES_ERROR;
				GCC_WARN_UNDECLARED_SELECTOR = YES;
				GCC_WARN_UNINITIALIZED_AUTOS = YES_AGGRESSIVE;
				GCC_WARN_UNUSED_FUNCTION = YES;
				GCC_WARN_UNUSED_VARIABLE = YES;
				IPHONEOS_DEPLOYMENT_TARGET = 8.2;
				MTL_ENABLE_DEBUG_INFO = NO;
				SDKROOT = iphoneos;
				TARGETED_DEVICE_FAMILY = "1,2";
				VALIDATE_PRODUCT = YES;
			};
			name = Release;
		};
		8391356B1B3E442400D3F610 /* Debug */ = {
			isa = XCBuildConfiguration;
			buildSettings = {
				ASSETCATALOG_COMPILER_APPICON_NAME = AppIcon;
				INFOPLIST_FILE = SlotMachine/Info.plist;
				LD_RUNPATH_SEARCH_PATHS = "$(inherited) @executable_path/Frameworks";
				PRODUCT_NAME = "$(TARGET_NAME)";
			};
			name = Debug;
		};
		8391356C1B3E442400D3F610 /* Release */ = {
			isa = XCBuildConfiguration;
			buildSettings = {
				ASSETCATALOG_COMPILER_APPICON_NAME = AppIcon;
				INFOPLIST_FILE = SlotMachine/Info.plist;
				LD_RUNPATH_SEARCH_PATHS = "$(inherited) @executable_path/Frameworks";
				PRODUCT_NAME = "$(TARGET_NAME)";
			};
			name = Release;
		};
		8391356E1B3E442400D3F610 /* Debug */ = {
			isa = XCBuildConfiguration;
			buildSettings = {
				BUNDLE_LOADER = "$(TEST_HOST)";
				FRAMEWORK_SEARCH_PATHS = (
					"$(SDKROOT)/Developer/Library/Frameworks",
					"$(inherited)",
				);
				GCC_PREPROCESSOR_DEFINITIONS = (
					"DEBUG=1",
					"$(inherited)",
				);
				INFOPLIST_FILE = SlotMachineTests/Info.plist;
				LD_RUNPATH_SEARCH_PATHS = "$(inherited) @executable_path/Frameworks @loader_path/Frameworks";
				PRODUCT_NAME = "$(TARGET_NAME)";
				TEST_HOST = "$(BUILT_PRODUCTS_DIR)/SlotMachine.app/SlotMachine";
			};
			name = Debug;
		};
		8391356F1B3E442400D3F610 /* Release */ = {
			isa = XCBuildConfiguration;
			buildSettings = {
				BUNDLE_LOADER = "$(TEST_HOST)";
				FRAMEWORK_SEARCH_PATHS = (
					"$(SDKROOT)/Developer/Library/Frameworks",
					"$(inherited)",
				);
				INFOPLIST_FILE = SlotMachineTests/Info.plist;
				LD_RUNPATH_SEARCH_PATHS = "$(inherited) @executable_path/Frameworks @loader_path/Frameworks";
				PRODUCT_NAME = "$(TARGET_NAME)";
				TEST_HOST = "$(BUILT_PRODUCTS_DIR)/SlotMachine.app/SlotMachine";
			};
			name = Release;
		};
/* End XCBuildConfiguration section */

/* Begin XCConfigurationList section */
		839135461B3E442300D3F610 /* Build configuration list for PBXProject "SlotMachine" */ = {
			isa = XCConfigurationList;
			buildConfigurations = (
				839135681B3E442400D3F610 /* Debug */,
				839135691B3E442400D3F610 /* Release */,
			);
			defaultConfigurationIsVisible = 0;
			defaultConfigurationName = Release;
		};
		8391356A1B3E442400D3F610 /* Build configuration list for PBXNativeTarget "SlotMachine" */ = {
			isa = XCConfigurationList;
			buildConfigurations = (
				8391356B1B3E442400D3F610 /* Debug */,
				8391356C1B3E442400D3F610 /* Release */,
			);
			defaultConfigurationIsVisible = 0;
			defaultConfigurationName = Release;
		};
		8391356D1B3E442400D3F610 /* Build configuration list for PBXNativeTarget "SlotMachineTests" */ = {
			isa = XCConfigurationList;
			buildConfigurations = (
				8391356E1B3E442400D3F610 /* Debug */,
				8391356F1B3E442400D3F610 /* Release */,
			);
			defaultConfigurationIsVisible = 0;
			defaultConfigurationName = Release;
		};
/* End XCConfigurationList section */
	};
	rootObject = 839135431B3E442300D3F610 /* Project object */;
}
